
Microsoft Visual Studio Solution File, Format Version 12.00
# Visual Studio Version 17
VisualStudioVersion = 17.0.31903.59
MinimumVisualStudioVersion = 10.0.40219.1
Project("{FAE04EC0-301F-11D3-BF4B-00C04F79EFBC}") = "Exercicios", "Exercicios.csproj", "{6E87145F-EE2E-46A0-8E92-96198505445B}"
EndProject
Global
	GlobalSection(SolutionConfigurationPlatforms) = preSolution
		Debug|Any CPU = Debug|Any CPU
		Release|Any CPU = Release|Any CPU
	EndGlobalSection
	GlobalSection(ProjectConfigurationPlatforms) = postSolution
		{6E87145F-EE2E-46A0-8E92-96198505445B}.Debug|Any CPU.ActiveCfg = Debug|Any CPU
		{6E87145F-EE2E-46A0-8E92-96198505445B}.Debug|Any CPU.Build.0 = Debug|Any CPU
		{6E87145F-EE2E-46A0-8E92-96198505445B}.Release|Any CPU.ActiveCfg = Release|Any CPU
		{6E87145F-EE2E-46A0-8E92-96198505445B}.Release|Any CPU.Build.0 = Release|Any CPU
	EndGlobalSection
	GlobalSection(SolutionProperties) = preSolution
		HideSolutionNode = FALSE
	EndGlobalSection
	GlobalSection(ExtensibilityGlobals) = postSolution
		SolutionGuid = {6AA2CCDB-13D6-4D4F-919A-303BD83C3F54}
	EndGlobalSection
EndGlobal
